
Microsoft Visual Studio Solution File, Format Version 12.00
# Visual Studio 15
VisualStudioVersion = 15.0.28307.1169
MinimumVisualStudioVersion = 10.0.40219.1
Project("{FAE04EC0-301F-11D3-BF4B-00C04F79EFBC}") = "StudyCode", "StudyCode\StudyCode.csproj", "{D8D75DA5-E38B-4DB1-800F-689A712B67ED}"
EndProject
Project("{2150E333-8FDC-42A3-9474-1A3956D46DE8}") = "Solution Items", "Solution Items", "{6BB78C7A-B45C-4C45-AA91-72235FE87988}"
EndProject
Global
	GlobalSection(SolutionConfigurationPlatforms) = preSolution
		Debug|Any CPU = Debug|Any CPU
		Release|Any CPU = Release|Any CPU
	EndGlobalSection
	GlobalSection(ProjectConfigurationPlatforms) = postSolution
		{D8D75DA5-E38B-4DB1-800F-689A712B67ED}.Debug|Any CPU.ActiveCfg = Debug|Any CPU
		{D8D75DA5-E38B-4DB1-800F-689A712B67ED}.Debug|Any CPU.Build.0 = Debug|Any CPU
		{D8D75DA5-E38B-4DB1-800F-689A712B67ED}.Release|Any CPU.ActiveCfg = Release|Any CPU
		{D8D75DA5-E38B-4DB1-800F-689A712B67ED}.Release|Any CPU.Build.0 = Release|Any CPU
	EndGlobalSection
	GlobalSection(SolutionProperties) = preSolution
		HideSolutionNode = FALSE
	EndGlobalSection
	GlobalSection(ExtensibilityGlobals) = postSolution
		SolutionGuid = {FC4FDB51-B417-4D55-92ED-F7D16D4C28A7}
	EndGlobalSection
EndGlobal
